
Microsoft Visual Studio Solution File, Format Version 12.00
# Visual Studio Version 16
VisualStudioVersion = 16.0.31005.135
MinimumVisualStudioVersion = 15.0.26124.0
Project("{2150E333-8FDC-42A3-9474-1A3956D46DE8}") = ".build", ".build", "{88B98F54-FBF2-4077-873C-5D3ED8961A6D}"
	ProjectSection(SolutionItems) = preProject
		..\build.bat = ..\build.bat
		..\build.cake = ..\build.cake
	EndProjectSection
EndProject
Project("{FAE04EC0-301F-11D3-BF4B-00C04F79EFBC}") = "Ensconce.Database", "Ensconce.Database\Ensconce.Database.csproj", "{05C0314F-89C1-4780-AE7C-CCF66EB7EA14}"
EndProject
Project("{2150E333-8FDC-42A3-9474-1A3956D46DE8}") = "Tests", "Tests", "{167DC009-706F-4180-B10B-A5451CA5571E}"
EndProject
Project("{FAE04EC0-301F-11D3-BF4B-00C04F79EFBC}") = "Ensconce.Database.Tests", "Ensconce.Database.Tests\Ensconce.Database.Tests.csproj", "{D6862E3F-59BD-487F-AF55-29721A284BEF}"
EndProject
Project("{FAE04EC0-301F-11D3-BF4B-00C04F79EFBC}") = "Ensconce.Logging", "Ensconce.Logging\Ensconce.Logging.csproj", "{68A8D059-0579-4468-9FF2-D3D29CB1147D}"
EndProject
Project("{F2A71F9B-5D33-465A-A702-920D77279786}") = "Ensconce.NDjango.Core", "Ensconce.NDjango.Core\Ensconce.NDjango.Core.fsproj", "{F099DF37-66EB-4375-874B-AC069B3CB3DF}"
EndProject
Project("{FAE04EC0-301F-11D3-BF4B-00C04F79EFBC}") = "Ensconce.NDjango.Core.Filters", "Ensconce.NDjango.Core.Filters\Ensconce.NDjango.Core.Filters.csproj", "{D9DB316B-08EE-47D1-87B9-552B65405BB1}"
EndProject
Project("{FAE04EC0-301F-11D3-BF4B-00C04F79EFBC}") = "Ensconce.NDjango.Tests", "Ensconce.NDjango.Tests\Ensconce.NDjango.Tests.csproj", "{896B8178-7AAC-4334-A905-D4ECFC695840}"
EndProject
Project("{2150E333-8FDC-42A3-9474-1A3956D46DE8}") = "Scripts", "Scripts", "{C23AE314-584D-42D6-B80B-72B3048DE197}"
	ProjectSection(SolutionItems) = preProject
		Scripts\backupHelper.ps1 = Scripts\backupHelper.ps1
		Scripts\cloudflareHelper.ps1 = Scripts\cloudflareHelper.ps1
		Scripts\compressionHelper.ps1 = Scripts\compressionHelper.ps1
		Scripts\createWebSite.ps1 = Scripts\createWebSite.ps1
		Scripts\deployHelp.ps1 = Scripts\deployHelp.ps1
		Scripts\dnsHelper.ps1 = Scripts\dnsHelper.ps1
		Scripts\kubernetesHelper.ps1 = Scripts\kubernetesHelper.ps1
		Scripts\rabbitHelper.ps1 = Scripts\rabbitHelper.ps1
		Scripts\scheduledTaskHelper.ps1 = Scripts\scheduledTaskHelper.ps1
		Scripts\serviceManagement.ps1 = Scripts\serviceManagement.ps1
		Scripts\userManagement.ps1 = Scripts\userManagement.ps1
		Scripts\webHelper.ps1 = Scripts\webHelper.ps1
	EndProjectSection
EndProject
Project("{FAE04EC0-301F-11D3-BF4B-00C04F79EFBC}") = "Ensconce.Update", "Ensconce.Update\Ensconce.Update.csproj", "{38F8125B-0E44-436F-A090-F4E3BBFB94D2}"
EndProject
Project("{FAE04EC0-301F-11D3-BF4B-00C04F79EFBC}") = "Ensconce.Update.Tests", "Ensconce.Update.Tests\Ensconce.Update.Tests.csproj", "{8745AD45-EED9-41F5-846B-97F1204DAFEF}"
EndProject
Global
	GlobalSection(SolutionConfigurationPlatforms) = preSolution
		Debug|Any CPU = Debug|Any CPU
		Debug|x64 = Debug|x64
		Debug|x86 = Debug|x86
		Release|Any CPU = Release|Any CPU
		Release|x64 = Release|x64
		Release|x86 = Release|x86
	EndGlobalSection
	GlobalSection(ProjectConfigurationPlatforms) = postSolution
		{05C0314F-89C1-4780-AE7C-CCF66EB7EA14}.Debug|Any CPU.ActiveCfg = Debug|Any CPU
		{05C0314F-89C1-4780-AE7C-CCF66EB7EA14}.Debug|Any CPU.Build.0 = Debug|Any CPU
		{05C0314F-89C1-4780-AE7C-CCF66EB7EA14}.Debug|x64.ActiveCfg = Debug|Any CPU
		{05C0314F-89C1-4780-AE7C-CCF66EB7EA14}.Debug|x64.Build.0 = Debug|Any CPU
		{05C0314F-89C1-4780-AE7C-CCF66EB7EA14}.Debug|x86.ActiveCfg = Debug|Any CPU
		{05C0314F-89C1-4780-AE7C-CCF66EB7EA14}.Debug|x86.Build.0 = Debug|Any CPU
		{05C0314F-89C1-4780-AE7C-CCF66EB7EA14}.Release|Any CPU.ActiveCfg = Release|Any CPU
		{05C0314F-89C1-4780-AE7C-CCF66EB7EA14}.Release|Any CPU.Build.0 = Release|Any CPU
		{05C0314F-89C1-4780-AE7C-CCF66EB7EA14}.Release|x64.ActiveCfg = Release|Any CPU
		{05C0314F-89C1-4780-AE7C-CCF66EB7EA14}.Release|x64.Build.0 = Release|Any CPU
		{05C0314F-89C1-4780-AE7C-CCF66EB7EA14}.Release|x86.ActiveCfg = Release|Any CPU
		{05C0314F-89C1-4780-AE7C-CCF66EB7EA14}.Release|x86.Build.0 = Release|Any CPU
		{D6862E3F-59BD-487F-AF55-29721A284BEF}.Debug|Any CPU.ActiveCfg = Debug|Any CPU
		{D6862E3F-59BD-487F-AF55-29721A284BEF}.Debug|Any CPU.Build.0 = Debug|Any CPU
		{D6862E3F-59BD-487F-AF55-29721A284BEF}.Debug|x64.ActiveCfg = Debug|Any CPU
		{D6862E3F-59BD-487F-AF55-29721A284BEF}.Debug|x64.Build.0 = Debug|Any CPU
		{D6862E3F-59BD-487F-AF55-29721A284BEF}.Debug|x86.ActiveCfg = Debug|Any CPU
		{D6862E3F-59BD-487F-AF55-29721A284BEF}.Debug|x86.Build.0 = Debug|Any CPU
		{D6862E3F-59BD-487F-AF55-29721A284BEF}.Release|Any CPU.ActiveCfg = Release|Any CPU
		{D6862E3F-59BD-487F-AF55-29721A284BEF}.Release|Any CPU.Build.0 = Release|Any CPU
		{D6862E3F-59BD-487F-AF55-29721A284BEF}.Release|x64.ActiveCfg = Release|Any CPU
		{D6862E3F-59BD-487F-AF55-29721A284BEF}.Release|x64.Build.0 = Release|Any CPU
		{D6862E3F-59BD-487F-AF55-29721A284BEF}.Release|x86.ActiveCfg = Release|Any CPU
		{D6862E3F-59BD-487F-AF55-29721A284BEF}.Release|x86.Build.0 = Release|Any CPU
		{68A8D059-0579-4468-9FF2-D3D29CB1147D}.Debug|Any CPU.ActiveCfg = Debug|Any CPU
		{68A8D059-0579-4468-9FF2-D3D29CB1147D}.Debug|Any CPU.Build.0 = Debug|Any CPU
		{68A8D059-0579-4468-9FF2-D3D29CB1147D}.Debug|x64.ActiveCfg = Debug|Any CPU
		{68A8D059-0579-4468-9FF2-D3D29CB1147D}.Debug|x64.Build.0 = Debug|Any CPU
		{68A8D059-0579-4468-9FF2-D3D29CB1147D}.Debug|x86.ActiveCfg = Debug|Any CPU
		{68A8D059-0579-4468-9FF2-D3D29CB1147D}.Debug|x86.Build.0 = Debug|Any CPU
		{68A8D059-0579-4468-9FF2-D3D29CB1147D}.Release|Any CPU.ActiveCfg = Release|Any CPU
		{68A8D059-0579-4468-9FF2-D3D29CB1147D}.Release|Any CPU.Build.0 = Release|Any CPU
		{68A8D059-0579-4468-9FF2-D3D29CB1147D}.Release|x64.ActiveCfg = Release|Any CPU
		{68A8D059-0579-4468-9FF2-D3D29CB1147D}.Release|x64.Build.0 = Release|Any CPU
		{68A8D059-0579-4468-9FF2-D3D29CB1147D}.Release|x86.ActiveCfg = Release|Any CPU
		{68A8D059-0579-4468-9FF2-D3D29CB1147D}.Release|x86.Build.0 = Release|Any CPU
		{F099DF37-66EB-4375-874B-AC069B3CB3DF}.Debug|Any CPU.ActiveCfg = Debug|Any CPU
		{F099DF37-66EB-4375-874B-AC069B3CB3DF}.Debug|Any CPU.Build.0 = Debug|Any CPU
		{F099DF37-66EB-4375-874B-AC069B3CB3DF}.Debug|x64.ActiveCfg = Debug|Any CPU
		{F099DF37-66EB-4375-874B-AC069B3CB3DF}.Debug|x64.Build.0 = Debug|Any CPU
		{F099DF37-66EB-4375-874B-AC069B3CB3DF}.Debug|x86.ActiveCfg = Debug|Any CPU
		{F099DF37-66EB-4375-874B-AC069B3CB3DF}.Debug|x86.Build.0 = Debug|Any CPU
		{F099DF37-66EB-4375-874B-AC069B3CB3DF}.Release|Any CPU.ActiveCfg = Release|Any CPU
		{F099DF37-66EB-4375-874B-AC069B3CB3DF}.Release|Any CPU.Build.0 = Release|Any CPU
		{F099DF37-66EB-4375-874B-AC069B3CB3DF}.Release|x64.ActiveCfg = Release|Any CPU
		{F099DF37-66EB-4375-874B-AC069B3CB3DF}.Release|x64.Build.0 = Release|Any CPU
		{F099DF37-66EB-4375-874B-AC069B3CB3DF}.Release|x86.ActiveCfg = Release|Any CPU
		{F099DF37-66EB-4375-874B-AC069B3CB3DF}.Release|x86.Build.0 = Release|Any CPU
		{D9DB316B-08EE-47D1-87B9-552B65405BB1}.Debug|Any CPU.ActiveCfg = Debug|Any CPU
		{D9DB316B-08EE-47D1-87B9-552B65405BB1}.Debug|Any CPU.Build.0 = Debug|Any CPU
		{D9DB316B-08EE-47D1-87B9-552B65405BB1}.Debug|x64.ActiveCfg = Debug|Any CPU
		{D9DB316B-08EE-47D1-87B9-552B65405BB1}.Debug|x64.Build.0 = Debug|Any CPU
		{D9DB316B-08EE-47D1-87B9-552B65405BB1}.Debug|x86.ActiveCfg = Debug|Any CPU
		{D9DB316B-08EE-47D1-87B9-552B65405BB1}.Debug|x86.Build.0 = Debug|Any CPU
		{D9DB316B-08EE-47D1-87B9-552B65405BB1}.Release|Any CPU.ActiveCfg = Release|Any CPU
		{D9DB316B-08EE-47D1-87B9-552B65405BB1}.Release|Any CPU.Build.0 = Release|Any CPU
		{D9DB316B-08EE-47D1-87B9-552B65405BB1}.Release|x64.ActiveCfg = Release|Any CPU
		{D9DB316B-08EE-47D1-87B9-552B65405BB1}.Release|x64.Build.0 = Release|Any CPU
		{D9DB316B-08EE-47D1-87B9-552B65405BB1}.Release|x86.ActiveCfg = Release|Any CPU
		{D9DB316B-08EE-47D1-87B9-552B65405BB1}.Release|x86.Build.0 = Release|Any CPU
		{896B8178-7AAC-4334-A905-D4ECFC695840}.Debug|Any CPU.ActiveCfg = Debug|Any CPU
		{896B8178-7AAC-4334-A905-D4ECFC695840}.Debug|Any CPU.Build.0 = Debug|Any CPU
		{896B8178-7AAC-4334-A905-D4ECFC695840}.Debug|x64.ActiveCfg = Debug|Any CPU
		{896B8178-7AAC-4334-A905-D4ECFC695840}.Debug|x64.Build.0 = Debug|Any CPU
		{896B8178-7AAC-4334-A905-D4ECFC695840}.Debug|x86.ActiveCfg = Debug|Any CPU
		{896B8178-7AAC-4334-A905-D4ECFC695840}.Debug|x86.Build.0 = Debug|Any CPU
		{896B8178-7AAC-4334-A905-D4ECFC695840}.Release|Any CPU.ActiveCfg = Release|Any CPU
		{896B8178-7AAC-4334-A905-D4ECFC695840}.Release|Any CPU.Build.0 = Release|Any CPU
		{896B8178-7AAC-4334-A905-D4ECFC695840}.Release|x64.ActiveCfg = Release|Any CPU
		{896B8178-7AAC-4334-A905-D4ECFC695840}.Release|x64.Build.0 = Release|Any CPU
		{896B8178-7AAC-4334-A905-D4ECFC695840}.Release|x86.ActiveCfg = Release|Any CPU
		{896B8178-7AAC-4334-A905-D4ECFC695840}.Release|x86.Build.0 = Release|Any CPU
		{38F8125B-0E44-436F-A090-F4E3BBFB94D2}.Debug|Any CPU.ActiveCfg = Debug|Any CPU
		{38F8125B-0E44-436F-A090-F4E3BBFB94D2}.Debug|Any CPU.Build.0 = Debug|Any CPU
		{38F8125B-0E44-436F-A090-F4E3BBFB94D2}.Debug|x64.ActiveCfg = Debug|Any CPU
		{38F8125B-0E44-436F-A090-F4E3BBFB94D2}.Debug|x64.Build.0 = Debug|Any CPU
		{38F8125B-0E44-436F-A090-F4E3BBFB94D2}.Debug|x86.ActiveCfg = Debug|Any CPU
		{38F8125B-0E44-436F-A090-F4E3BBFB94D2}.Debug|x86.Build.0 = Debug|Any CPU
		{38F8125B-0E44-436F-A090-F4E3BBFB94D2}.Release|Any CPU.ActiveCfg = Release|Any CPU
		{38F8125B-0E44-436F-A090-F4E3BBFB94D2}.Release|Any CPU.Build.0 = Release|Any CPU
		{38F8125B-0E44-436F-A090-F4E3BBFB94D2}.Release|x64.ActiveCfg = Release|Any CPU
		{38F8125B-0E44-436F-A090-F4E3BBFB94D2}.Release|x64.Build.0 = Release|Any CPU
		{38F8125B-0E44-436F-A090-F4E3BBFB94D2}.Release|x86.ActiveCfg = Release|Any CPU
		{38F8125B-0E44-436F-A090-F4E3BBFB94D2}.Release|x86.Build.0 = Release|Any CPU
		{8745AD45-EED9-41F5-846B-97F1204DAFEF}.Debug|Any CPU.ActiveCfg = Debug|Any CPU
		{8745AD45-EED9-41F5-846B-97F1204DAFEF}.Debug|Any CPU.Build.0 = Debug|Any CPU
		{8745AD45-EED9-41F5-846B-97F1204DAFEF}.Debug|x64.ActiveCfg = Debug|Any CPU
		{8745AD45-EED9-41F5-846B-97F1204DAFEF}.Debug|x64.Build.0 = Debug|Any CPU
		{8745AD45-EED9-41F5-846B-97F1204DAFEF}.Debug|x86.ActiveCfg = Debug|Any CPU
		{8745AD45-EED9-41F5-846B-97F1204DAFEF}.Debug|x86.Build.0 = Debug|Any CPU
		{8745AD45-EED9-41F5-846B-97F1204DAFEF}.Release|Any CPU.ActiveCfg = Release|Any CPU
		{8745AD45-EED9-41F5-846B-97F1204DAFEF}.Release|Any CPU.Build.0 = Release|Any CPU
		{8745AD45-EED9-41F5-846B-97F1204DAFEF}.Release|x64.ActiveCfg = Release|Any CPU
		{8745AD45-EED9-41F5-846B-97F1204DAFEF}.Release|x64.Build.0 = Release|Any CPU
		{8745AD45-EED9-41F5-846B-97F1204DAFEF}.Release|x86.ActiveCfg = Release|Any CPU
		{8745AD45-EED9-41F5-846B-97F1204DAFEF}.Release|x86.Build.0 = Release|Any CPU
	EndGlobalSection
	GlobalSection(SolutionProperties) = preSolution
		HideSolutionNode = FALSE
	EndGlobalSection
	GlobalSection(NestedProjects) = preSolution
		{D6862E3F-59BD-487F-AF55-29721A284BEF} = {167DC009-706F-4180-B10B-A5451CA5571E}
		{896B8178-7AAC-4334-A905-D4ECFC695840} = {167DC009-706F-4180-B10B-A5451CA5571E}
		{8745AD45-EED9-41F5-846B-97F1204DAFEF} = {167DC009-706F-4180-B10B-A5451CA5571E}
	EndGlobalSection
	GlobalSection(ExtensibilityGlobals) = postSolution
		SolutionGuid = {1CB3ADFA-25ED-4AC1-A653-AD40F44FCCF1}
	EndGlobalSection
EndGlobal
