
Microsoft Visual Studio Solution File, Format Version 12.00
# Visual Studio 14
VisualStudioVersion = 14.0.25420.1
MinimumVisualStudioVersion = 10.0.40219.1
Project("{2150E333-8FDC-42A3-9474-1A3956D46DE8}") = ".paket", ".paket", "{293126C5-4E8E-4167-993B-C91607B73228}"
	ProjectSection(SolutionItems) = preProject
		..\paket.dependencies = ..\paket.dependencies
	EndProjectSection
EndProject
Project("{FAE04EC0-301F-11D3-BF4B-00C04F79EFBC}") = "Ensconce", "Ensconce\Ensconce.csproj", "{0B5FD6CF-76AE-4599-9661-4489B62D2851}"
EndProject
Project("{FAE04EC0-301F-11D3-BF4B-00C04F79EFBC}") = "15below.Deployment.Update", "15below.Deployment.Update\15below.Deployment.Update.csproj", "{A59B1375-DC78-47D2-8930-746CD88863AF}"
EndProject
Project("{FAE04EC0-301F-11D3-BF4B-00C04F79EFBC}") = "15below.Deployment.Update.Tests", "15below.Deployment.Update.Tests\15below.Deployment.Update.Tests.csproj", "{53F246CF-6D01-4BA0-B774-4F4A9588DD75}"
EndProject
Project("{FAE04EC0-301F-11D3-BF4B-00C04F79EFBC}") = "15below.Deployment.Database", "15below.Deployment.Database\15below.Deployment.Database.csproj", "{3BF706C4-851B-4502-9F09-E74FCC92C379}"
EndProject
Project("{FAE04EC0-301F-11D3-BF4B-00C04F79EFBC}") = "Ensconce.Database.Tests", "Ensconce.Database.Tests\Ensconce.Database.Tests.csproj", "{4E884DFE-E8D7-4742-AA5A-618FECE890CD}"
EndProject
Project("{FAE04EC0-301F-11D3-BF4B-00C04F79EFBC}") = "15below.Deployment.ReportingServices", "15below.Deployment.ReportingServices\15below.Deployment.ReportingServices.csproj", "{442013D9-845F-47C9-B529-0426193559A8}"
EndProject
Global
	GlobalSection(SolutionConfigurationPlatforms) = preSolution
		Debug|Any CPU = Debug|Any CPU
		Debug|Mixed Platforms = Debug|Mixed Platforms
		Debug|x86 = Debug|x86
		Release|Any CPU = Release|Any CPU
		Release|Mixed Platforms = Release|Mixed Platforms
		Release|x86 = Release|x86
	EndGlobalSection
	GlobalSection(ProjectConfigurationPlatforms) = postSolution
		{0B5FD6CF-76AE-4599-9661-4489B62D2851}.Debug|Any CPU.ActiveCfg = Debug|x86
		{0B5FD6CF-76AE-4599-9661-4489B62D2851}.Debug|Mixed Platforms.ActiveCfg = Debug|x86
		{0B5FD6CF-76AE-4599-9661-4489B62D2851}.Debug|Mixed Platforms.Build.0 = Debug|x86
		{0B5FD6CF-76AE-4599-9661-4489B62D2851}.Debug|x86.ActiveCfg = Debug|x86
		{0B5FD6CF-76AE-4599-9661-4489B62D2851}.Debug|x86.Build.0 = Debug|x86
		{0B5FD6CF-76AE-4599-9661-4489B62D2851}.Release|Any CPU.ActiveCfg = Release|x86
		{0B5FD6CF-76AE-4599-9661-4489B62D2851}.Release|Mixed Platforms.ActiveCfg = Release|x86
		{0B5FD6CF-76AE-4599-9661-4489B62D2851}.Release|Mixed Platforms.Build.0 = Release|x86
		{0B5FD6CF-76AE-4599-9661-4489B62D2851}.Release|x86.ActiveCfg = Release|x86
		{0B5FD6CF-76AE-4599-9661-4489B62D2851}.Release|x86.Build.0 = Release|x86
		{A59B1375-DC78-47D2-8930-746CD88863AF}.Debug|Any CPU.ActiveCfg = Debug|Any CPU
		{A59B1375-DC78-47D2-8930-746CD88863AF}.Debug|Any CPU.Build.0 = Debug|Any CPU
		{A59B1375-DC78-47D2-8930-746CD88863AF}.Debug|Mixed Platforms.ActiveCfg = Debug|Any CPU
		{A59B1375-DC78-47D2-8930-746CD88863AF}.Debug|Mixed Platforms.Build.0 = Debug|Any CPU
		{A59B1375-DC78-47D2-8930-746CD88863AF}.Debug|x86.ActiveCfg = Debug|Any CPU
		{A59B1375-DC78-47D2-8930-746CD88863AF}.Release|Any CPU.ActiveCfg = Release|Any CPU
		{A59B1375-DC78-47D2-8930-746CD88863AF}.Release|Any CPU.Build.0 = Release|Any CPU
		{A59B1375-DC78-47D2-8930-746CD88863AF}.Release|Mixed Platforms.ActiveCfg = Release|Any CPU
		{A59B1375-DC78-47D2-8930-746CD88863AF}.Release|Mixed Platforms.Build.0 = Release|Any CPU
		{A59B1375-DC78-47D2-8930-746CD88863AF}.Release|x86.ActiveCfg = Release|Any CPU
		{53F246CF-6D01-4BA0-B774-4F4A9588DD75}.Debug|Any CPU.ActiveCfg = Debug|Any CPU
		{53F246CF-6D01-4BA0-B774-4F4A9588DD75}.Debug|Any CPU.Build.0 = Debug|Any CPU
		{53F246CF-6D01-4BA0-B774-4F4A9588DD75}.Debug|Mixed Platforms.ActiveCfg = Debug|Any CPU
		{53F246CF-6D01-4BA0-B774-4F4A9588DD75}.Debug|Mixed Platforms.Build.0 = Debug|Any CPU
		{53F246CF-6D01-4BA0-B774-4F4A9588DD75}.Debug|x86.ActiveCfg = Debug|Any CPU
		{53F246CF-6D01-4BA0-B774-4F4A9588DD75}.Release|Any CPU.ActiveCfg = Release|Any CPU
		{53F246CF-6D01-4BA0-B774-4F4A9588DD75}.Release|Any CPU.Build.0 = Release|Any CPU
		{53F246CF-6D01-4BA0-B774-4F4A9588DD75}.Release|Mixed Platforms.ActiveCfg = Release|Any CPU
		{53F246CF-6D01-4BA0-B774-4F4A9588DD75}.Release|Mixed Platforms.Build.0 = Release|Any CPU
		{53F246CF-6D01-4BA0-B774-4F4A9588DD75}.Release|x86.ActiveCfg = Release|Any CPU
		{3BF706C4-851B-4502-9F09-E74FCC92C379}.Debug|Any CPU.ActiveCfg = Debug|Any CPU
		{3BF706C4-851B-4502-9F09-E74FCC92C379}.Debug|Any CPU.Build.0 = Debug|Any CPU
		{3BF706C4-851B-4502-9F09-E74FCC92C379}.Debug|Mixed Platforms.ActiveCfg = Debug|Any CPU
		{3BF706C4-851B-4502-9F09-E74FCC92C379}.Debug|Mixed Platforms.Build.0 = Debug|Any CPU
		{3BF706C4-851B-4502-9F09-E74FCC92C379}.Debug|x86.ActiveCfg = Debug|x86
		{3BF706C4-851B-4502-9F09-E74FCC92C379}.Debug|x86.Build.0 = Debug|x86
		{3BF706C4-851B-4502-9F09-E74FCC92C379}.Release|Any CPU.ActiveCfg = Release|Any CPU
		{3BF706C4-851B-4502-9F09-E74FCC92C379}.Release|Any CPU.Build.0 = Release|Any CPU
		{3BF706C4-851B-4502-9F09-E74FCC92C379}.Release|Mixed Platforms.ActiveCfg = Release|Any CPU
		{3BF706C4-851B-4502-9F09-E74FCC92C379}.Release|Mixed Platforms.Build.0 = Release|Any CPU
		{3BF706C4-851B-4502-9F09-E74FCC92C379}.Release|x86.ActiveCfg = Release|x86
		{3BF706C4-851B-4502-9F09-E74FCC92C379}.Release|x86.Build.0 = Release|x86
		{4E884DFE-E8D7-4742-AA5A-618FECE890CD}.Debug|Any CPU.ActiveCfg = Debug|Any CPU
		{4E884DFE-E8D7-4742-AA5A-618FECE890CD}.Debug|Any CPU.Build.0 = Debug|Any CPU
		{4E884DFE-E8D7-4742-AA5A-618FECE890CD}.Debug|Mixed Platforms.ActiveCfg = Debug|Any CPU
		{4E884DFE-E8D7-4742-AA5A-618FECE890CD}.Debug|Mixed Platforms.Build.0 = Debug|Any CPU
		{4E884DFE-E8D7-4742-AA5A-618FECE890CD}.Debug|x86.ActiveCfg = Debug|Any CPU
		{4E884DFE-E8D7-4742-AA5A-618FECE890CD}.Release|Any CPU.ActiveCfg = Release|Any CPU
		{4E884DFE-E8D7-4742-AA5A-618FECE890CD}.Release|Any CPU.Build.0 = Release|Any CPU
		{4E884DFE-E8D7-4742-AA5A-618FECE890CD}.Release|Mixed Platforms.ActiveCfg = Release|Any CPU
		{4E884DFE-E8D7-4742-AA5A-618FECE890CD}.Release|Mixed Platforms.Build.0 = Release|Any CPU
		{4E884DFE-E8D7-4742-AA5A-618FECE890CD}.Release|x86.ActiveCfg = Release|Any CPU
		{442013D9-845F-47C9-B529-0426193559A8}.Debug|Any CPU.ActiveCfg = Debug|Any CPU
		{442013D9-845F-47C9-B529-0426193559A8}.Debug|Any CPU.Build.0 = Debug|Any CPU
		{442013D9-845F-47C9-B529-0426193559A8}.Debug|Mixed Platforms.ActiveCfg = Debug|Any CPU
		{442013D9-845F-47C9-B529-0426193559A8}.Debug|Mixed Platforms.Build.0 = Debug|Any CPU
		{442013D9-845F-47C9-B529-0426193559A8}.Debug|x86.ActiveCfg = Debug|Any CPU
		{442013D9-845F-47C9-B529-0426193559A8}.Release|Any CPU.ActiveCfg = Release|Any CPU
		{442013D9-845F-47C9-B529-0426193559A8}.Release|Any CPU.Build.0 = Release|Any CPU
		{442013D9-845F-47C9-B529-0426193559A8}.Release|Mixed Platforms.ActiveCfg = Release|Any CPU
		{442013D9-845F-47C9-B529-0426193559A8}.Release|Mixed Platforms.Build.0 = Release|Any CPU
		{442013D9-845F-47C9-B529-0426193559A8}.Release|x86.ActiveCfg = Release|Any CPU
	EndGlobalSection
	GlobalSection(SolutionProperties) = preSolution
		HideSolutionNode = FALSE
	EndGlobalSection
EndGlobal
