
Microsoft Visual Studio Solution File, Format Version 12.00
# Visual Studio 15
VisualStudioVersion = 15.0.27130.2027
MinimumVisualStudioVersion = 10.0.40219.1
Project("{2150E333-8FDC-42A3-9474-1A3956D46DE8}") = ".paket", ".paket", "{293126C5-4E8E-4167-993B-C91607B73228}"
	ProjectSection(SolutionItems) = preProject
		..\paket.dependencies = ..\paket.dependencies
	EndProjectSection
EndProject
Project("{FAE04EC0-301F-11D3-BF4B-00C04F79EFBC}") = "Ensconce.Console", "Ensconce.Console\Ensconce.Console.csproj", "{0B5FD6CF-76AE-4599-9661-4489B62D2851}"
EndProject
Project("{FAE04EC0-301F-11D3-BF4B-00C04F79EFBC}") = "Ensconce.Update", "Ensconce.Update\Ensconce.Update.csproj", "{A59B1375-DC78-47D2-8930-746CD88863AF}"
EndProject
Project("{FAE04EC0-301F-11D3-BF4B-00C04F79EFBC}") = "Ensconce.Update.Tests", "Ensconce.Update.Tests\Ensconce.Update.Tests.csproj", "{53F246CF-6D01-4BA0-B774-4F4A9588DD75}"
EndProject
Project("{FAE04EC0-301F-11D3-BF4B-00C04F79EFBC}") = "Ensconce.Database", "Ensconce.Database\Ensconce.Database.csproj", "{3BF706C4-851B-4502-9F09-E74FCC92C379}"
EndProject
Project("{FAE04EC0-301F-11D3-BF4B-00C04F79EFBC}") = "Ensconce.Database.Tests", "Ensconce.Database.Tests\Ensconce.Database.Tests.csproj", "{4E884DFE-E8D7-4742-AA5A-618FECE890CD}"
EndProject
Project("{FAE04EC0-301F-11D3-BF4B-00C04F79EFBC}") = "Ensconce.ReportingServices", "Ensconce.ReportingServices\Ensconce.ReportingServices.csproj", "{442013D9-845F-47C9-B529-0426193559A8}"
EndProject
Project("{FAE04EC0-301F-11D3-BF4B-00C04F79EFBC}") = "Ensconce.Logging", "Ensconce.Logging\Ensconce.Logging.csproj", "{93361700-1EAC-461E-A5CD-42365CBC82AA}"
EndProject
Project("{FAE04EC0-301F-11D3-BF4B-00C04F79EFBC}") = "Ensconce.NDjango.Tests", "Ensconce.NDjango.Tests\Ensconce.NDjango.Tests.csproj", "{025EDC49-0088-4F5A-9270-E0A7461B4AFD}"
EndProject
Project("{2150E333-8FDC-42A3-9474-1A3956D46DE8}") = "Tests", "Tests", "{8354CDF3-74E6-408E-902A-99702D366608}"
EndProject
Project("{2150E333-8FDC-42A3-9474-1A3956D46DE8}") = "Scripts", "Scripts", "{3ABEA4FE-D441-4705-AB6F-FD72130A5334}"
	ProjectSection(SolutionItems) = preProject
		Scripts\createiis6app.ps1 = Scripts\createiis6app.ps1
		Scripts\createiis7app.ps1 = Scripts\createiis7app.ps1
		Scripts\createWebSite.ps1 = Scripts\createWebSite.ps1
		Scripts\deployHelp.ps1 = Scripts\deployHelp.ps1
		Scripts\dnsHelper.ps1 = Scripts\dnsHelper.ps1
		Scripts\userManagement.ps1 = Scripts\userManagement.ps1
	EndProjectSection
EndProject
Project("{F2A71F9B-5D33-465A-A702-920D77279786}") = "Ensconce.NDjango.Core", "Ensconce.NDjango.Core\Ensconce.NDjango.Core.fsproj", "{771C5998-6E25-4DC2-9ECF-D40DA78C4C78}"
EndProject
Project("{FAE04EC0-301F-11D3-BF4B-00C04F79EFBC}") = "Ensconce.NDjango.Core.Filters", "Ensconce.NDjango.Core.Filters\Ensconce.NDjango.Core.Filters.csproj", "{89DC9575-C706-4D0D-944A-79E5865FFE88}"
EndProject
Global
	GlobalSection(SolutionConfigurationPlatforms) = preSolution
		Debug|Any CPU = Debug|Any CPU
		Release|Any CPU = Release|Any CPU
	EndGlobalSection
	GlobalSection(ProjectConfigurationPlatforms) = postSolution
		{0B5FD6CF-76AE-4599-9661-4489B62D2851}.Debug|Any CPU.ActiveCfg = Debug|Any CPU
		{0B5FD6CF-76AE-4599-9661-4489B62D2851}.Debug|Any CPU.Build.0 = Debug|Any CPU
		{0B5FD6CF-76AE-4599-9661-4489B62D2851}.Release|Any CPU.ActiveCfg = Release|Any CPU
		{0B5FD6CF-76AE-4599-9661-4489B62D2851}.Release|Any CPU.Build.0 = Release|Any CPU
		{A59B1375-DC78-47D2-8930-746CD88863AF}.Debug|Any CPU.ActiveCfg = Debug|Any CPU
		{A59B1375-DC78-47D2-8930-746CD88863AF}.Debug|Any CPU.Build.0 = Debug|Any CPU
		{A59B1375-DC78-47D2-8930-746CD88863AF}.Release|Any CPU.ActiveCfg = Release|Any CPU
		{A59B1375-DC78-47D2-8930-746CD88863AF}.Release|Any CPU.Build.0 = Release|Any CPU
		{53F246CF-6D01-4BA0-B774-4F4A9588DD75}.Debug|Any CPU.ActiveCfg = Debug|Any CPU
		{53F246CF-6D01-4BA0-B774-4F4A9588DD75}.Debug|Any CPU.Build.0 = Debug|Any CPU
		{53F246CF-6D01-4BA0-B774-4F4A9588DD75}.Release|Any CPU.ActiveCfg = Release|Any CPU
		{53F246CF-6D01-4BA0-B774-4F4A9588DD75}.Release|Any CPU.Build.0 = Release|Any CPU
		{3BF706C4-851B-4502-9F09-E74FCC92C379}.Debug|Any CPU.ActiveCfg = Debug|Any CPU
		{3BF706C4-851B-4502-9F09-E74FCC92C379}.Debug|Any CPU.Build.0 = Debug|Any CPU
		{3BF706C4-851B-4502-9F09-E74FCC92C379}.Release|Any CPU.ActiveCfg = Release|Any CPU
		{3BF706C4-851B-4502-9F09-E74FCC92C379}.Release|Any CPU.Build.0 = Release|Any CPU
		{4E884DFE-E8D7-4742-AA5A-618FECE890CD}.Debug|Any CPU.ActiveCfg = Debug|Any CPU
		{4E884DFE-E8D7-4742-AA5A-618FECE890CD}.Debug|Any CPU.Build.0 = Debug|Any CPU
		{4E884DFE-E8D7-4742-AA5A-618FECE890CD}.Release|Any CPU.ActiveCfg = Release|Any CPU
		{4E884DFE-E8D7-4742-AA5A-618FECE890CD}.Release|Any CPU.Build.0 = Release|Any CPU
		{442013D9-845F-47C9-B529-0426193559A8}.Debug|Any CPU.ActiveCfg = Debug|Any CPU
		{442013D9-845F-47C9-B529-0426193559A8}.Debug|Any CPU.Build.0 = Debug|Any CPU
		{442013D9-845F-47C9-B529-0426193559A8}.Release|Any CPU.ActiveCfg = Release|Any CPU
		{442013D9-845F-47C9-B529-0426193559A8}.Release|Any CPU.Build.0 = Release|Any CPU
		{93361700-1EAC-461E-A5CD-42365CBC82AA}.Debug|Any CPU.ActiveCfg = Debug|Any CPU
		{93361700-1EAC-461E-A5CD-42365CBC82AA}.Debug|Any CPU.Build.0 = Debug|Any CPU
		{93361700-1EAC-461E-A5CD-42365CBC82AA}.Release|Any CPU.ActiveCfg = Release|Any CPU
		{93361700-1EAC-461E-A5CD-42365CBC82AA}.Release|Any CPU.Build.0 = Release|Any CPU
		{025EDC49-0088-4F5A-9270-E0A7461B4AFD}.Debug|Any CPU.ActiveCfg = Debug|Any CPU
		{025EDC49-0088-4F5A-9270-E0A7461B4AFD}.Debug|Any CPU.Build.0 = Debug|Any CPU
		{025EDC49-0088-4F5A-9270-E0A7461B4AFD}.Release|Any CPU.ActiveCfg = Release|Any CPU
		{025EDC49-0088-4F5A-9270-E0A7461B4AFD}.Release|Any CPU.Build.0 = Release|Any CPU
		{771C5998-6E25-4DC2-9ECF-D40DA78C4C78}.Debug|Any CPU.ActiveCfg = Debug|Any CPU
		{771C5998-6E25-4DC2-9ECF-D40DA78C4C78}.Debug|Any CPU.Build.0 = Debug|Any CPU
		{771C5998-6E25-4DC2-9ECF-D40DA78C4C78}.Release|Any CPU.ActiveCfg = Release|Any CPU
		{771C5998-6E25-4DC2-9ECF-D40DA78C4C78}.Release|Any CPU.Build.0 = Release|Any CPU
		{89DC9575-C706-4D0D-944A-79E5865FFE88}.Debug|Any CPU.ActiveCfg = Debug|Any CPU
		{89DC9575-C706-4D0D-944A-79E5865FFE88}.Debug|Any CPU.Build.0 = Debug|Any CPU
		{89DC9575-C706-4D0D-944A-79E5865FFE88}.Release|Any CPU.ActiveCfg = Release|Any CPU
		{89DC9575-C706-4D0D-944A-79E5865FFE88}.Release|Any CPU.Build.0 = Release|Any CPU
	EndGlobalSection
	GlobalSection(SolutionProperties) = preSolution
		HideSolutionNode = FALSE
	EndGlobalSection
	GlobalSection(NestedProjects) = preSolution
		{53F246CF-6D01-4BA0-B774-4F4A9588DD75} = {8354CDF3-74E6-408E-902A-99702D366608}
		{4E884DFE-E8D7-4742-AA5A-618FECE890CD} = {8354CDF3-74E6-408E-902A-99702D366608}
		{025EDC49-0088-4F5A-9270-E0A7461B4AFD} = {8354CDF3-74E6-408E-902A-99702D366608}
	EndGlobalSection
	GlobalSection(ExtensibilityGlobals) = postSolution
		SolutionGuid = {5BC0B658-048B-4F67-A7AB-C246BEAE6533}
	EndGlobalSection
EndGlobal
